<?xml version="1.0" encoding="utf-8"?>
<Project ToolsVersion="4.0" xmlns="http://schemas.microsoft.com/developer/msbuild/2003">
  <ItemGroup>
    <Filter Include="Fichiers sources">
      <UniqueIdentifier>{4FC737F1-C7A5-4376-A066-2A32D752A2FF}</UniqueIdentifier>
      <Extensions>cpp;c;cc;cxx;c++;cppm;ixx;def;odl;idl;hpj;bat;asm;asmx</Extensions>
    </Filter>
    <Filter Include="Fichiers d%27en-tête">
      <UniqueIdentifier>{93995380-89BD-4b04-88EB-625FBE52EBFB}</UniqueIdentifier>
      <Extensions>h;hh;hpp;hxx;h++;hm;inl;inc;ipp;xsd</Extensions>
    </Filter>
    <Filter Include="Fichiers de ressources">
      <UniqueIdentifier>{67DA6AB6-F800-4c08-8B7A-83BB121AAD01}</UniqueIdentifier>
      <Extensions>rc;ico;cur;bmp;dlg;rc2;rct;bin;rgs;gif;jpg;jpeg;jpe;resx;tiff;tif;png;wav;mfcribbon-ms</Extensions>
    </Filter>
    <Filter Include="Fichiers sources\Tests">
      <UniqueIdentifier>{e0e9a204-bf33-41c9-b78c-ce403fbf5c1e}</UniqueIdentifier>
    </Filter>
    <Filter Include="Fichiers d%27en-tête\Tests">
      <UniqueIdentifier>{08adbb0e-e12c-499f-9f53-9ece863dda9f}</UniqueIdentifier>
    </Filter>
  </ItemGroup>
  <ItemGroup>
    <ClCompile Include="EntryPoint.cpp">
      <Filter>Fichiers sources</Filter>
    </ClCompile>
    <ClCompile Include="Application.cpp">
      <Filter>Fichiers sources</Filter>
    </ClCompile>
    <ClCompile Include="Chronometer.cpp">
      <Filter>Fichiers sources</Filter>
    </ClCompile>
    <ClCompile Include="ScanPolygon.cpp">
      <Filter>Fichiers sources</Filter>
    </ClCompile>
    <ClCompile Include="RMatrix.cpp">
      <Filter>Fichiers sources</Filter>
    </ClCompile>
    <ClCompile Include="RVector.cpp">
      <Filter>Fichiers sources</Filter>
    </ClCompile>
    <ClCompile Include="Globals.h">
      <Filter>Fichiers d%27en-tête</Filter>
    </ClCompile>
    <ClCompile Include="Tests.cpp">
      <Filter>Fichiers sources</Filter>
    </ClCompile>
    <ClCompile Include="Obj.cpp">
      <Filter>Fichiers sources</Filter>
    </ClCompile>
    <ClCompile Include="3d.cpp">
      <Filter>Fichiers sources</Filter>
    </ClCompile>
    <ClCompile Include="TestFlatPolygon.cpp">
      <Filter>Fichiers sources\Tests</Filter>
    </ClCompile>
    <ClCompile Include="TestGouraudPolygon.cpp">
      <Filter>Fichiers sources\Tests</Filter>
    </ClCompile>
    <ClCompile Include="TestGouraudRendering.cpp">
      <Filter>Fichiers sources\Tests</Filter>
    </ClCompile>
    <ClCompile Include="TestGouraudPolygon3.cpp">
      <Filter>Fichiers sources\Tests</Filter>
    </ClCompile>
    <ClCompile Include="Shading.cpp">
      <Filter>Fichiers sources</Filter>
    </ClCompile>
    <ClCompile Include="TestPhongRendering.cpp">
      <Filter>Fichiers sources\Tests</Filter>
    </ClCompile>
  </ItemGroup>
  <ItemGroup>
    <ClInclude Include="Application.h">
      <Filter>Fichiers d%27en-tête</Filter>
    </ClInclude>
    <ClInclude Include="Chronometer.h">
      <Filter>Fichiers d%27en-tête</Filter>
    </ClInclude>
    <ClInclude Include="ScanPolygon.h">
      <Filter>Fichiers d%27en-tête</Filter>
    </ClInclude>
    <ClInclude Include="RMatrix.h">
      <Filter>Fichiers d%27en-tête</Filter>
    </ClInclude>
    <ClInclude Include="RVector.h">
      <Filter>Fichiers d%27en-tête</Filter>
    </ClInclude>
    <ClInclude Include="Tests.h">
      <Filter>Fichiers d%27en-tête</Filter>
    </ClInclude>
    <ClInclude Include="Obj.h">
      <Filter>Fichiers d%27en-tête</Filter>
    </ClInclude>
    <ClInclude Include="3d.h">
      <Filter>Fichiers d%27en-tête</Filter>
    </ClInclude>
    <ClInclude Include="TestGouraudRendering.h">
      <Filter>Fichiers d%27en-tête\Tests</Filter>
    </ClInclude>
    <ClInclude Include="TestGouraudPolygon.h">
      <Filter>Fichiers d%27en-tête\Tests</Filter>
    </ClInclude>
    <ClInclude Include="TestFlatPolygon.h">
      <Filter>Fichiers d%27en-tête\Tests</Filter>
    </ClInclude>
    <ClInclude Include="TestGouraudPolygon3.h">
      <Filter>Fichiers d%27en-tête\Tests</Filter>
    </ClInclude>
    <ClInclude Include="Shading.h">
      <Filter>Fichiers d%27en-tête</Filter>
    </ClInclude>
    <ClInclude Include="TestPhongRendering.h">
      <Filter>Fichiers d%27en-tête\Tests</Filter>
    </ClInclude>
  </ItemGroup>
</Project>